
Microsoft Visual Studio Solution File, Format Version 12.00
# Visual Studio Version 17
VisualStudioVersion = 17.12.35521.163
MinimumVisualStudioVersion = 10.0.40219.1
Project("{FAE04EC0-301F-11D3-BF4B-00C04F79EFBC}") = "PresontationLayer", "PresontationLayer.csproj", "{E08C94F4-3309-4174-A921-96B94C467469}"
EndProject
Project("{FAE04EC0-301F-11D3-BF4B-00C04F79EFBC}") = "Business_Layer", "..\BusinessLayer\Business_Layer.csproj", "{2F868EF9-7440-4C0E-B16E-FFA387BCED18}"
EndProject
Project("{FAE04EC0-301F-11D3-BF4B-00C04F79EFBC}") = "DataAccessLayer", "..\DataAccessLayer\DataAccessLayer.csproj", "{7CDCF626-E588-40F1-8B77-1419ED509C34}"
EndProject
Global
	GlobalSection(SolutionConfigurationPlatforms) = preSolution
		Debug|Any CPU = Debug|Any CPU
		Release|Any CPU = Release|Any CPU
	EndGlobalSection
	GlobalSection(ProjectConfigurationPlatforms) = postSolution
		{E08C94F4-3309-4174-A921-96B94C467469}.Debug|Any CPU.ActiveCfg = Debug|Any CPU
		{E08C94F4-3309-4174-A921-96B94C467469}.Debug|Any CPU.Build.0 = Debug|Any CPU
		{E08C94F4-3309-4174-A921-96B94C467469}.Release|Any CPU.ActiveCfg = Release|Any CPU
		{E08C94F4-3309-4174-A921-96B94C467469}.Release|Any CPU.Build.0 = Release|Any CPU
		{2F868EF9-7440-4C0E-B16E-FFA387BCED18}.Debug|Any CPU.ActiveCfg = Debug|Any CPU
		{2F868EF9-7440-4C0E-B16E-FFA387BCED18}.Debug|Any CPU.Build.0 = Debug|Any CPU
		{2F868EF9-7440-4C0E-B16E-FFA387BCED18}.Release|Any CPU.ActiveCfg = Release|Any CPU
		{2F868EF9-7440-4C0E-B16E-FFA387BCED18}.Release|Any CPU.Build.0 = Release|Any CPU
		{7CDCF626-E588-40F1-8B77-1419ED509C34}.Debug|Any CPU.ActiveCfg = Debug|Any CPU
		{7CDCF626-E588-40F1-8B77-1419ED509C34}.Debug|Any CPU.Build.0 = Debug|Any CPU
		{7CDCF626-E588-40F1-8B77-1419ED509C34}.Release|Any CPU.ActiveCfg = Release|Any CPU
		{7CDCF626-E588-40F1-8B77-1419ED509C34}.Release|Any CPU.Build.0 = Release|Any CPU
	EndGlobalSection
	GlobalSection(SolutionProperties) = preSolution
		HideSolutionNode = FALSE
	EndGlobalSection
EndGlobal
